# This file is automatically @generated by Cargo.
# It is not intended for manual editing.
[[package]]
name = "aho-corasick"
version = "0.5.3"
source = "registry+https://github.com/rust-lang/crates.io-index"
checksum = "ca972c2ea5f742bfce5687b9aef75506a764f61d37f8f649047846a9686ddb66"
dependencies = [
 "memchr",
]

[[package]]
name = "bitflags"
version = "0.7.0"
source = "registry+https://github.com/rust-lang/crates.io-index"
checksum = "aad18937a628ec6abcd26d1489012cc0e18c21798210f491af69ded9b881106d"

[[package]]
name = "chrono"
version = "0.2.25"
source = "registry+https://github.com/rust-lang/crates.io-index"
checksum = "9213f7cd7c27e95c2b57c49f0e69b1ea65b27138da84a170133fd21b07659c00"
dependencies = [
 "num",
 "time",
]

[[package]]
name = "crossbeam"
version = "0.2.10"
source = "registry+https://github.com/rust-lang/crates.io-index"
checksum = "0c5ea215664ca264da8a9d9c3be80d2eaf30923c259d03e870388eb927508f97"

[[package]]
name = "fnv"
version = "1.0.5"
source = "registry+https://github.com/rust-lang/crates.io-index"
checksum = "6cc484842f1e2884faf56f529f960cc12ad8c71ce96cc7abba0a067c98fee344"

[[package]]
name = "getopts"
version = "0.2.21"
source = "registry+https://github.com/rust-lang/crates.io-index"
checksum = "14dbbfd5c71d70241ecf9e6f13737f7b5ce823821063188d7e46c41d371eebd5"
dependencies = [
 "unicode-width",
]

[[package]]
name = "heimdall"
version = "0.1.0"
dependencies = [
 "fnv",
 "getopts",
 "log",
 "lru-cache",
 "num-traits",
 "regex",
 "slog",
 "slog-stdlog",
 "slog-stream",
 "slog-term",
 "time",
 "xmltree",
]

[[package]]
name = "isatty"
version = "0.1.3"
source = "registry+https://github.com/rust-lang/crates.io-index"
checksum = "fa500db770a99afe2a0f2229be2a3d09c7ed9d7e4e8440bf71253141994e240f"
dependencies = [
 "kernel32-sys",
 "libc",
 "winapi",
]

[[package]]
name = "kernel32-sys"
version = "0.2.2"
source = "registry+https://github.com/rust-lang/crates.io-index"
checksum = "7507624b29483431c0ba2d82aece8ca6cdba9382bff4ddd0f7490560c056098d"
dependencies = [
 "winapi",
 "winapi-build",
]

[[package]]
name = "lazy_static"
version = "0.2.2"
source = "registry+https://github.com/rust-lang/crates.io-index"
checksum = "6abe0ee2e758cd6bc8a2cd56726359007748fbf4128da998b65d0b70f881e19b"

[[package]]
name = "libc"
version = "0.2.18"
source = "registry+https://github.com/rust-lang/crates.io-index"
checksum = "a51822fc847e7a8101514d1d44e354ba2ffa7d4c194dcab48870740e327cac70"

[[package]]
name = "linked-hash-map"
version = "0.2.1"
source = "registry+https://github.com/rust-lang/crates.io-index"
checksum = "bda158e0dabeb97ee8a401f4d17e479d6b891a14de0bba79d5cc2d4d325b5e48"

[[package]]
name = "log"
version = "0.3.6"
source = "registry+https://github.com/rust-lang/crates.io-index"
checksum = "ab83497bf8bf4ed2a74259c1c802351fcd67a65baa86394b6ba73c36f4838054"

[[package]]
name = "lru-cache"
version = "0.1.0"
source = "registry+https://github.com/rust-lang/crates.io-index"
checksum = "656fa4dfcb02bcf1063c592ba3ff6a5303ee1f2afe98c8a889e8b1a77c6dfdb7"
dependencies = [
 "linked-hash-map",
]

[[package]]
name = "memchr"
version = "0.1.11"
source = "registry+https://github.com/rust-lang/crates.io-index"
checksum = "d8b629fb514376c675b98c1421e80b151d3817ac42d7c667717d282761418d20"
dependencies = [
 "libc",
]

[[package]]
name = "num"
version = "0.1.36"
source = "registry+https://github.com/rust-lang/crates.io-index"
checksum = "bde7c03b09e7c6a301ee81f6ddf66d7a28ec305699e3d3b056d2fc56470e3120"
dependencies = [
 "num-integer",
 "num-iter",
 "num-traits",
]

[[package]]
name = "num-integer"
version = "0.1.32"
source = "registry+https://github.com/rust-lang/crates.io-index"
checksum = "fb24d9bfb3f222010df27995441ded1e954f8f69cd35021f6bef02ca9552fb92"
dependencies = [
 "num-traits",
]

[[package]]
name = "num-iter"
version = "0.1.32"
source = "registry+https://github.com/rust-lang/crates.io-index"
checksum = "287a1c9969a847055e1122ec0ea7a5c5d6f72aad97934e131c83d5c08ab4e45c"
dependencies = [
 "num-integer",
 "num-traits",
]

[[package]]
name = "num-traits"
version = "0.1.36"
source = "registry+https://github.com/rust-lang/crates.io-index"
checksum = "a16a42856a256b39c6d3484f097f6713e14feacd9bfb02290917904fae46c81c"

[[package]]
name = "regex"
version = "0.1.80"
source = "registry+https://github.com/rust-lang/crates.io-index"
checksum = "4fd4ace6a8cf7860714a2c2280d6c1f7e6a413486c13298bbc86fd3da019402f"
dependencies = [
 "aho-corasick",
 "memchr",
 "regex-syntax",
 "thread_local",
 "utf8-ranges",
]

[[package]]
name = "regex-syntax"
version = "0.3.9"
source = "registry+https://github.com/rust-lang/crates.io-index"
checksum = "f9ec002c35e86791825ed294b50008eea9ddfc8def4420124fbc6b08db834957"

[[package]]
name = "slog"
version = "1.7.1"
source = "registry+https://github.com/rust-lang/crates.io-index"
checksum = "07aa15818e194222ef5b814aec86d47da20d93360c068b2c5f5ef64d9347fbdf"

[[package]]
name = "slog-extra"
version = "0.1.1"
source = "registry+https://github.com/rust-lang/crates.io-index"
checksum = "f571614f815a4dc3aad7b9052d1e3eefd5ab76bb36efa90d4dc9ac134142b445"
dependencies = [
 "slog",
 "thread_local",
]

[[package]]
name = "slog-stdlog"
version = "1.1.0"
source = "registry+https://github.com/rust-lang/crates.io-index"
checksum = "56cc08f40c45e0ab41dcfde0a19a22c5b7176d3827fc7d078450ebfdc080a37c"
dependencies = [
 "crossbeam",
 "lazy_static",
 "log",
 "slog",
 "slog-term",
]

[[package]]
name = "slog-stream"
version = "1.2.0"
source = "registry+https://github.com/rust-lang/crates.io-index"
checksum = "e6f0fee00b80a7a44f82c5cf44ba03b6dc2712f9c14469a62ad90ea0911635c5"
dependencies = [
 "slog",
 "slog-extra",
 "thread_local",
]

[[package]]
name = "slog-term"
version = "1.3.3"
source = "registry+https://github.com/rust-lang/crates.io-index"
checksum = "26f3e8b2e18043b47713bd27a01656077ddd2d903e8653285fd6b25140d73007"
dependencies = [
 "chrono",
 "isatty",
 "slog",
 "slog-stream",
]

[[package]]
name = "thread-id"
version = "2.0.0"
source = "registry+https://github.com/rust-lang/crates.io-index"
checksum = "a9539db560102d1cef46b8b78ce737ff0bb64e7e18d35b2a5688f7d097d0ff03"
dependencies = [
 "kernel32-sys",
 "libc",
]

[[package]]
name = "thread_local"
version = "0.2.7"
source = "registry+https://github.com/rust-lang/crates.io-index"
checksum = "8576dbbfcaef9641452d5cf0df9b0e7eeab7694956dd33bb61515fb8f18cfdd5"
dependencies = [
 "thread-id",
]

[[package]]
name = "time"
version = "0.1.35"
source = "registry+https://github.com/rust-lang/crates.io-index"
checksum = "3c7ec6d62a20df54e07ab3b78b9a3932972f4b7981de295563686849eb3989af"
dependencies = [
 "kernel32-sys",
 "libc",
 "winapi",
]

[[package]]
name = "unicode-width"
version = "0.1.9"
source = "registry+https://github.com/rust-lang/crates.io-index"
checksum = "3ed742d4ea2bd1176e236172c8429aaf54486e7ac098db29ffe6529e0ce50973"

[[package]]
name = "utf8-ranges"
version = "0.1.3"
source = "registry+https://github.com/rust-lang/crates.io-index"
checksum = "a1ca13c08c41c9c3e04224ed9ff80461d97e121589ff27c753a16cb10830ae0f"

[[package]]
name = "winapi"
version = "0.2.8"
source = "registry+https://github.com/rust-lang/crates.io-index"
checksum = "167dc9d6949a9b857f3451275e911c3f44255842c1f7a76f33c55103a909087a"

[[package]]
name = "winapi-build"
version = "0.1.1"
source = "registry+https://github.com/rust-lang/crates.io-index"
checksum = "2d315eee3b34aca4797b2da6b13ed88266e6d612562a0c46390af8299fc699bc"

[[package]]
name = "xml-rs"
version = "0.3.5"
source = "registry+https://github.com/rust-lang/crates.io-index"
checksum = "f2b15eed12692bd59d15e98ee7f8dc8408465b992d8ddb4d1672c24865132ec7"
dependencies = [
 "bitflags",
]

[[package]]
name = "xmltree"
version = "0.3.2"
source = "registry+https://github.com/rust-lang/crates.io-index"
checksum = "472a9d37c7c53ab2391161df5b89b1f3bf76dab6ab150d7941ecbdd832282082"
dependencies = [
 "xml-rs",
]
